
Microsoft Visual Studio Solution File, Format Version 12.00
# Visual Studio 15
VisualStudioVersion = 15.0.28307.757
MinimumVisualStudioVersion = 10.0.40219.1
Project("{FAE04EC0-301F-11D3-BF4B-00C04F79EFBC}") = "SkiaBar.Android", "SkiaBar\SkiaBar.Android\SkiaBar.Android.csproj", "{38E84A44-4783-4AC7-B1E0-7F0A13230B68}"
EndProject
Project("{FAE04EC0-301F-11D3-BF4B-00C04F79EFBC}") = "SkiaBar.iOS", "SkiaBar\SkiaBar.iOS\SkiaBar.iOS.csproj", "{5923E87E-F4DD-4A24-B350-EBCD4FF9171D}"
EndProject
Project("{FAE04EC0-301F-11D3-BF4B-00C04F79EFBC}") = "SkiaBar", "SkiaBar\SkiaBar\SkiaBar.csproj", "{61DB8E4C-C225-4CD7-B4D5-BB1EC369470D}"
EndProject
Global
	GlobalSection(SolutionConfigurationPlatforms) = preSolution
		Ad-Hoc|Any CPU = Ad-Hoc|Any CPU
		Ad-Hoc|iPhone = Ad-Hoc|iPhone
		Ad-Hoc|iPhoneSimulator = Ad-Hoc|iPhoneSimulator
		AppStore|Any CPU = AppStore|Any CPU
		AppStore|iPhone = AppStore|iPhone
		AppStore|iPhoneSimulator = AppStore|iPhoneSimulator
		Debug|Any CPU = Debug|Any CPU
		Debug|iPhone = Debug|iPhone
		Debug|iPhoneSimulator = Debug|iPhoneSimulator
		Release|Any CPU = Release|Any CPU
		Release|iPhone = Release|iPhone
		Release|iPhoneSimulator = Release|iPhoneSimulator
	EndGlobalSection
	GlobalSection(ProjectConfigurationPlatforms) = postSolution
		{38E84A44-4783-4AC7-B1E0-7F0A13230B68}.Ad-Hoc|Any CPU.ActiveCfg = Release|Any CPU
		{38E84A44-4783-4AC7-B1E0-7F0A13230B68}.Ad-Hoc|Any CPU.Build.0 = Release|Any CPU
		{38E84A44-4783-4AC7-B1E0-7F0A13230B68}.Ad-Hoc|Any CPU.Deploy.0 = Release|Any CPU
		{38E84A44-4783-4AC7-B1E0-7F0A13230B68}.Ad-Hoc|iPhone.ActiveCfg = Release|Any CPU
		{38E84A44-4783-4AC7-B1E0-7F0A13230B68}.Ad-Hoc|iPhone.Build.0 = Release|Any CPU
		{38E84A44-4783-4AC7-B1E0-7F0A13230B68}.Ad-Hoc|iPhone.Deploy.0 = Release|Any CPU
		{38E84A44-4783-4AC7-B1E0-7F0A13230B68}.Ad-Hoc|iPhoneSimulator.ActiveCfg = Release|Any CPU
		{38E84A44-4783-4AC7-B1E0-7F0A13230B68}.Ad-Hoc|iPhoneSimulator.Build.0 = Release|Any CPU
		{38E84A44-4783-4AC7-B1E0-7F0A13230B68}.Ad-Hoc|iPhoneSimulator.Deploy.0 = Release|Any CPU
		{38E84A44-4783-4AC7-B1E0-7F0A13230B68}.AppStore|Any CPU.ActiveCfg = Release|Any CPU
		{38E84A44-4783-4AC7-B1E0-7F0A13230B68}.AppStore|Any CPU.Build.0 = Release|Any CPU
		{38E84A44-4783-4AC7-B1E0-7F0A13230B68}.AppStore|Any CPU.Deploy.0 = Release|Any CPU
		{38E84A44-4783-4AC7-B1E0-7F0A13230B68}.AppStore|iPhone.ActiveCfg = Release|Any CPU
		{38E84A44-4783-4AC7-B1E0-7F0A13230B68}.AppStore|iPhone.Build.0 = Release|Any CPU
		{38E84A44-4783-4AC7-B1E0-7F0A13230B68}.AppStore|iPhone.Deploy.0 = Release|Any CPU
		{38E84A44-4783-4AC7-B1E0-7F0A13230B68}.AppStore|iPhoneSimulator.ActiveCfg = Release|Any CPU
		{38E84A44-4783-4AC7-B1E0-7F0A13230B68}.AppStore|iPhoneSimulator.Build.0 = Release|Any CPU
		{38E84A44-4783-4AC7-B1E0-7F0A13230B68}.AppStore|iPhoneSimulator.Deploy.0 = Release|Any CPU
		{38E84A44-4783-4AC7-B1E0-7F0A13230B68}.Debug|Any CPU.ActiveCfg = Debug|Any CPU
		{38E84A44-4783-4AC7-B1E0-7F0A13230B68}.Debug|Any CPU.Build.0 = Debug|Any CPU
		{38E84A44-4783-4AC7-B1E0-7F0A13230B68}.Debug|Any CPU.Deploy.0 = Debug|Any CPU
		{38E84A44-4783-4AC7-B1E0-7F0A13230B68}.Debug|iPhone.ActiveCfg = Debug|Any CPU
		{38E84A44-4783-4AC7-B1E0-7F0A13230B68}.Debug|iPhone.Build.0 = Debug|Any CPU
		{38E84A44-4783-4AC7-B1E0-7F0A13230B68}.Debug|iPhone.Deploy.0 = Debug|Any CPU
		{38E84A44-4783-4AC7-B1E0-7F0A13230B68}.Debug|iPhoneSimulator.ActiveCfg = Debug|Any CPU
		{38E84A44-4783-4AC7-B1E0-7F0A13230B68}.Debug|iPhoneSimulator.Build.0 = Debug|Any CPU
		{38E84A44-4783-4AC7-B1E0-7F0A13230B68}.Debug|iPhoneSimulator.Deploy.0 = Debug|Any CPU
		{38E84A44-4783-4AC7-B1E0-7F0A13230B68}.Release|Any CPU.ActiveCfg = Release|Any CPU
		{38E84A44-4783-4AC7-B1E0-7F0A13230B68}.Release|Any CPU.Build.0 = Release|Any CPU
		{38E84A44-4783-4AC7-B1E0-7F0A13230B68}.Release|Any CPU.Deploy.0 = Release|Any CPU
		{38E84A44-4783-4AC7-B1E0-7F0A13230B68}.Release|iPhone.ActiveCfg = Release|Any CPU
		{38E84A44-4783-4AC7-B1E0-7F0A13230B68}.Release|iPhone.Build.0 = Release|Any CPU
		{38E84A44-4783-4AC7-B1E0-7F0A13230B68}.Release|iPhone.Deploy.0 = Release|Any CPU
		{38E84A44-4783-4AC7-B1E0-7F0A13230B68}.Release|iPhoneSimulator.ActiveCfg = Release|Any CPU
		{38E84A44-4783-4AC7-B1E0-7F0A13230B68}.Release|iPhoneSimulator.Build.0 = Release|Any CPU
		{38E84A44-4783-4AC7-B1E0-7F0A13230B68}.Release|iPhoneSimulator.Deploy.0 = Release|Any CPU
		{5923E87E-F4DD-4A24-B350-EBCD4FF9171D}.Ad-Hoc|Any CPU.ActiveCfg = Ad-Hoc|iPhone
		{5923E87E-F4DD-4A24-B350-EBCD4FF9171D}.Ad-Hoc|Any CPU.Build.0 = Ad-Hoc|iPhone
		{5923E87E-F4DD-4A24-B350-EBCD4FF9171D}.Ad-Hoc|Any CPU.Deploy.0 = Ad-Hoc|iPhone
		{5923E87E-F4DD-4A24-B350-EBCD4FF9171D}.Ad-Hoc|iPhone.ActiveCfg = Ad-Hoc|iPhone
		{5923E87E-F4DD-4A24-B350-EBCD4FF9171D}.Ad-Hoc|iPhone.Build.0 = Ad-Hoc|iPhone
		{5923E87E-F4DD-4A24-B350-EBCD4FF9171D}.Ad-Hoc|iPhone.Deploy.0 = Ad-Hoc|iPhone
		{5923E87E-F4DD-4A24-B350-EBCD4FF9171D}.Ad-Hoc|iPhoneSimulator.ActiveCfg = Ad-Hoc|iPhoneSimulator
		{5923E87E-F4DD-4A24-B350-EBCD4FF9171D}.Ad-Hoc|iPhoneSimulator.Build.0 = Ad-Hoc|iPhoneSimulator
		{5923E87E-F4DD-4A24-B350-EBCD4FF9171D}.Ad-Hoc|iPhoneSimulator.Deploy.0 = Ad-Hoc|iPhoneSimulator
		{5923E87E-F4DD-4A24-B350-EBCD4FF9171D}.AppStore|Any CPU.ActiveCfg = AppStore|iPhone
		{5923E87E-F4DD-4A24-B350-EBCD4FF9171D}.AppStore|Any CPU.Build.0 = AppStore|iPhone
		{5923E87E-F4DD-4A24-B350-EBCD4FF9171D}.AppStore|Any CPU.Deploy.0 = AppStore|iPhone
		{5923E87E-F4DD-4A24-B350-EBCD4FF9171D}.AppStore|iPhone.ActiveCfg = AppStore|iPhone
		{5923E87E-F4DD-4A24-B350-EBCD4FF9171D}.AppStore|iPhone.Build.0 = AppStore|iPhone
		{5923E87E-F4DD-4A24-B350-EBCD4FF9171D}.AppStore|iPhone.Deploy.0 = AppStore|iPhone
		{5923E87E-F4DD-4A24-B350-EBCD4FF9171D}.AppStore|iPhoneSimulator.ActiveCfg = AppStore|iPhoneSimulator
		{5923E87E-F4DD-4A24-B350-EBCD4FF9171D}.AppStore|iPhoneSimulator.Build.0 = AppStore|iPhoneSimulator
		{5923E87E-F4DD-4A24-B350-EBCD4FF9171D}.AppStore|iPhoneSimulator.Deploy.0 = AppStore|iPhoneSimulator
		{5923E87E-F4DD-4A24-B350-EBCD4FF9171D}.Debug|Any CPU.ActiveCfg = Debug|iPhoneSimulator
		{5923E87E-F4DD-4A24-B350-EBCD4FF9171D}.Debug|Any CPU.Build.0 = Debug|iPhoneSimulator
		{5923E87E-F4DD-4A24-B350-EBCD4FF9171D}.Debug|Any CPU.Deploy.0 = Debug|iPhoneSimulator
		{5923E87E-F4DD-4A24-B350-EBCD4FF9171D}.Debug|iPhone.ActiveCfg = Debug|iPhone
		{5923E87E-F4DD-4A24-B350-EBCD4FF9171D}.Debug|iPhone.Build.0 = Debug|iPhone
		{5923E87E-F4DD-4A24-B350-EBCD4FF9171D}.Debug|iPhone.Deploy.0 = Debug|iPhone
		{5923E87E-F4DD-4A24-B350-EBCD4FF9171D}.Debug|iPhoneSimulator.ActiveCfg = Debug|iPhoneSimulator
		{5923E87E-F4DD-4A24-B350-EBCD4FF9171D}.Debug|iPhoneSimulator.Build.0 = Debug|iPhoneSimulator
		{5923E87E-F4DD-4A24-B350-EBCD4FF9171D}.Debug|iPhoneSimulator.Deploy.0 = Debug|iPhoneSimulator
		{5923E87E-F4DD-4A24-B350-EBCD4FF9171D}.Release|Any CPU.ActiveCfg = Release|iPhone
		{5923E87E-F4DD-4A24-B350-EBCD4FF9171D}.Release|Any CPU.Build.0 = Release|iPhone
		{5923E87E-F4DD-4A24-B350-EBCD4FF9171D}.Release|Any CPU.Deploy.0 = Release|iPhone
		{5923E87E-F4DD-4A24-B350-EBCD4FF9171D}.Release|iPhone.ActiveCfg = Release|iPhone
		{5923E87E-F4DD-4A24-B350-EBCD4FF9171D}.Release|iPhone.Build.0 = Release|iPhone
		{5923E87E-F4DD-4A24-B350-EBCD4FF9171D}.Release|iPhone.Deploy.0 = Release|iPhone
		{5923E87E-F4DD-4A24-B350-EBCD4FF9171D}.Release|iPhoneSimulator.ActiveCfg = Release|iPhoneSimulator
		{5923E87E-F4DD-4A24-B350-EBCD4FF9171D}.Release|iPhoneSimulator.Build.0 = Release|iPhoneSimulator
		{5923E87E-F4DD-4A24-B350-EBCD4FF9171D}.Release|iPhoneSimulator.Deploy.0 = Release|iPhoneSimulator
		{61DB8E4C-C225-4CD7-B4D5-BB1EC369470D}.Ad-Hoc|Any CPU.ActiveCfg = Debug|Any CPU
		{61DB8E4C-C225-4CD7-B4D5-BB1EC369470D}.Ad-Hoc|Any CPU.Build.0 = Debug|Any CPU
		{61DB8E4C-C225-4CD7-B4D5-BB1EC369470D}.Ad-Hoc|Any CPU.Deploy.0 = Debug|Any CPU
		{61DB8E4C-C225-4CD7-B4D5-BB1EC369470D}.Ad-Hoc|iPhone.ActiveCfg = Debug|Any CPU
		{61DB8E4C-C225-4CD7-B4D5-BB1EC369470D}.Ad-Hoc|iPhone.Build.0 = Debug|Any CPU
		{61DB8E4C-C225-4CD7-B4D5-BB1EC369470D}.Ad-Hoc|iPhone.Deploy.0 = Debug|Any CPU
		{61DB8E4C-C225-4CD7-B4D5-BB1EC369470D}.Ad-Hoc|iPhoneSimulator.ActiveCfg = Debug|Any CPU
		{61DB8E4C-C225-4CD7-B4D5-BB1EC369470D}.Ad-Hoc|iPhoneSimulator.Build.0 = Debug|Any CPU
		{61DB8E4C-C225-4CD7-B4D5-BB1EC369470D}.Ad-Hoc|iPhoneSimulator.Deploy.0 = Debug|Any CPU
		{61DB8E4C-C225-4CD7-B4D5-BB1EC369470D}.AppStore|Any CPU.ActiveCfg = Debug|Any CPU
		{61DB8E4C-C225-4CD7-B4D5-BB1EC369470D}.AppStore|Any CPU.Build.0 = Debug|Any CPU
		{61DB8E4C-C225-4CD7-B4D5-BB1EC369470D}.AppStore|Any CPU.Deploy.0 = Debug|Any CPU
		{61DB8E4C-C225-4CD7-B4D5-BB1EC369470D}.AppStore|iPhone.ActiveCfg = Debug|Any CPU
		{61DB8E4C-C225-4CD7-B4D5-BB1EC369470D}.AppStore|iPhone.Build.0 = Debug|Any CPU
		{61DB8E4C-C225-4CD7-B4D5-BB1EC369470D}.AppStore|iPhone.Deploy.0 = Debug|Any CPU
		{61DB8E4C-C225-4CD7-B4D5-BB1EC369470D}.AppStore|iPhoneSimulator.ActiveCfg = Debug|Any CPU
		{61DB8E4C-C225-4CD7-B4D5-BB1EC369470D}.AppStore|iPhoneSimulator.Build.0 = Debug|Any CPU
		{61DB8E4C-C225-4CD7-B4D5-BB1EC369470D}.AppStore|iPhoneSimulator.Deploy.0 = Debug|Any CPU
		{61DB8E4C-C225-4CD7-B4D5-BB1EC369470D}.Debug|Any CPU.ActiveCfg = Debug|Any CPU
		{61DB8E4C-C225-4CD7-B4D5-BB1EC369470D}.Debug|Any CPU.Build.0 = Debug|Any CPU
		{61DB8E4C-C225-4CD7-B4D5-BB1EC369470D}.Debug|Any CPU.Deploy.0 = Debug|Any CPU
		{61DB8E4C-C225-4CD7-B4D5-BB1EC369470D}.Debug|iPhone.ActiveCfg = Debug|Any CPU
		{61DB8E4C-C225-4CD7-B4D5-BB1EC369470D}.Debug|iPhone.Build.0 = Debug|Any CPU
		{61DB8E4C-C225-4CD7-B4D5-BB1EC369470D}.Debug|iPhone.Deploy.0 = Debug|Any CPU
		{61DB8E4C-C225-4CD7-B4D5-BB1EC369470D}.Debug|iPhoneSimulator.ActiveCfg = Debug|Any CPU
		{61DB8E4C-C225-4CD7-B4D5-BB1EC369470D}.Debug|iPhoneSimulator.Build.0 = Debug|Any CPU
		{61DB8E4C-C225-4CD7-B4D5-BB1EC369470D}.Debug|iPhoneSimulator.Deploy.0 = Debug|Any CPU
		{61DB8E4C-C225-4CD7-B4D5-BB1EC369470D}.Release|Any CPU.ActiveCfg = Release|Any CPU
		{61DB8E4C-C225-4CD7-B4D5-BB1EC369470D}.Release|Any CPU.Build.0 = Release|Any CPU
		{61DB8E4C-C225-4CD7-B4D5-BB1EC369470D}.Release|Any CPU.Deploy.0 = Release|Any CPU
		{61DB8E4C-C225-4CD7-B4D5-BB1EC369470D}.Release|iPhone.ActiveCfg = Release|Any CPU
		{61DB8E4C-C225-4CD7-B4D5-BB1EC369470D}.Release|iPhone.Build.0 = Release|Any CPU
		{61DB8E4C-C225-4CD7-B4D5-BB1EC369470D}.Release|iPhone.Deploy.0 = Release|Any CPU
		{61DB8E4C-C225-4CD7-B4D5-BB1EC369470D}.Release|iPhoneSimulator.ActiveCfg = Release|Any CPU
		{61DB8E4C-C225-4CD7-B4D5-BB1EC369470D}.Release|iPhoneSimulator.Build.0 = Release|Any CPU
		{61DB8E4C-C225-4CD7-B4D5-BB1EC369470D}.Release|iPhoneSimulator.Deploy.0 = Release|Any CPU
	EndGlobalSection
	GlobalSection(SolutionProperties) = preSolution
		HideSolutionNode = FALSE
	EndGlobalSection
	GlobalSection(ExtensibilityGlobals) = postSolution
		SolutionGuid = {AC413D87-C8D9-4CF7-92CE-D003F90E5C9A}
	EndGlobalSection
EndGlobal
